// !$*UTF8*$!
{
	archiveVersion = 1;
	classes = {
	};
	objectVersion = 55;
	objects = {

/* Begin PBXBuildFile section */
		BEE1D58454F5965BEED0E5BC /* Pods_StreamingApp_StreamingAppUITests.framework in Frameworks */ = {isa = PBXBuildFile; fileRef = 94C6C1D9C1307C0EDD052A37 /* Pods_StreamingApp_StreamingAppUITests.framework */; };
		CE1682FB5FAEF59B2F65A2AC /* Pods_StreamingAppTests.framework in Frameworks */ = {isa = PBXBuildFile; fileRef = 2AABE63FEF22F3E94AB47EF6 /* Pods_StreamingAppTests.framework */; };
		D1B0187028E32AF800F2190D /* WebService.swift in Sources */ = {isa = PBXBuildFile; fileRef = D1B0186F28E32AF800F2190D /* WebService.swift */; };
		D1B0187428E3437100F2190D /* RequestBuilder.swift in Sources */ = {isa = PBXBuildFile; fileRef = D1B0187328E3437100F2190D /* RequestBuilder.swift */; };
		D1B0187628E35D7100F2190D /* EventViewModel.swift in Sources */ = {isa = PBXBuildFile; fileRef = D1B0187528E35D7100F2190D /* EventViewModel.swift */; };
		D1B0187828E3636D00F2190D /* ScheduleViewModel.swift in Sources */ = {isa = PBXBuildFile; fileRef = D1B0187728E3636D00F2190D /* ScheduleViewModel.swift */; };
		D1C64DAC28658A47005BB26C /* AppDelegate.swift in Sources */ = {isa = PBXBuildFile; fileRef = D1C64DAB28658A47005BB26C /* AppDelegate.swift */; };
		D1C64DAE28658A47005BB26C /* SceneDelegate.swift in Sources */ = {isa = PBXBuildFile; fileRef = D1C64DAD28658A47005BB26C /* SceneDelegate.swift */; };
		D1C64DB528658A49005BB26C /* Assets.xcassets in Resources */ = {isa = PBXBuildFile; fileRef = D1C64DB428658A49005BB26C /* Assets.xcassets */; };
		D1C64DB828658A49005BB26C /* LaunchScreen.storyboard in Resources */ = {isa = PBXBuildFile; fileRef = D1C64DB628658A49005BB26C /* LaunchScreen.storyboard */; };
		D1C64DC328658A4A005BB26C /* StreamingAppTests.swift in Sources */ = {isa = PBXBuildFile; fileRef = D1C64DC228658A4A005BB26C /* StreamingAppTests.swift */; };
		D1C64DCD28658A4A005BB26C /* StreamingAppUITests.swift in Sources */ = {isa = PBXBuildFile; fileRef = D1C64DCC28658A4A005BB26C /* StreamingAppUITests.swift */; };
		D1C64DCF28658A4A005BB26C /* StreamingAppUITestsLaunchTests.swift in Sources */ = {isa = PBXBuildFile; fileRef = D1C64DCE28658A4A005BB26C /* StreamingAppUITestsLaunchTests.swift */; };
		D1C64DDD286591CA005BB26C /* Events.storyboard in Resources */ = {isa = PBXBuildFile; fileRef = D1C64DDC286591CA005BB26C /* Events.storyboard */; };
		D1C64DE02865974F005BB26C /* EventsListViewController.swift in Sources */ = {isa = PBXBuildFile; fileRef = D1C64DDF2865974F005BB26C /* EventsListViewController.swift */; };
		D1C64DE528659D1B005BB26C /* EventTableViewCell.swift in Sources */ = {isa = PBXBuildFile; fileRef = D1C64DE428659D1B005BB26C /* EventTableViewCell.swift */; };
		D1C64DE92865A1F1005BB26C /* SplashScreenViewController.swift in Sources */ = {isa = PBXBuildFile; fileRef = D1C64DE82865A1F1005BB26C /* SplashScreenViewController.swift */; };
		D1C64DEB2865A41C005BB26C /* TabBarViewController.swift in Sources */ = {isa = PBXBuildFile; fileRef = D1C64DEA2865A41C005BB26C /* TabBarViewController.swift */; };
		D1C64DED2865AD82005BB26C /* Schedule.storyboard in Resources */ = {isa = PBXBuildFile; fileRef = D1C64DEC2865AD82005BB26C /* Schedule.storyboard */; };
		D1C64DEF2865AF46005BB26C /* ScheduleListViewController.swift in Sources */ = {isa = PBXBuildFile; fileRef = D1C64DEE2865AF46005BB26C /* ScheduleListViewController.swift */; };
		D1C64DF428663A0B005BB26C /* EventsListViewModel.swift in Sources */ = {isa = PBXBuildFile; fileRef = D1C64DF328663A0B005BB26C /* EventsListViewModel.swift */; };
		D1C64DF728663E95005BB26C /* Event.swift in Sources */ = {isa = PBXBuildFile; fileRef = D1C64DF628663E95005BB26C /* Event.swift */; };
		D1C64DFC286654B0005BB26C /* EventsNetworkService.swift in Sources */ = {isa = PBXBuildFile; fileRef = D1C64DFB286654B0005BB26C /* EventsNetworkService.swift */; };
		D1C64DFF2869CA30005BB26C /* Schedule.swift in Sources */ = {isa = PBXBuildFile; fileRef = D1C64DFE2869CA30005BB26C /* Schedule.swift */; };
		D1C64E012869CA86005BB26C /* ScheduleListViewModel.swift in Sources */ = {isa = PBXBuildFile; fileRef = D1C64E002869CA86005BB26C /* ScheduleListViewModel.swift */; };
		D1C64E032869CBE7005BB26C /* SchedulesNetworkService.swift in Sources */ = {isa = PBXBuildFile; fileRef = D1C64E022869CBE7005BB26C /* SchedulesNetworkService.swift */; };
		D1C64E062869D875005BB26C /* ScheduleTableViewCell.swift in Sources */ = {isa = PBXBuildFile; fileRef = D1C64E052869D875005BB26C /* ScheduleTableViewCell.swift */; };
		D1C64E082869DC8C005BB26C /* Main.storyboard in Resources */ = {isa = PBXBuildFile; fileRef = D1C64E072869DC8B005BB26C /* Main.storyboard */; };
		D1CDFF4A286C7FBD0028E5F2 /* Extensions.swift in Sources */ = {isa = PBXBuildFile; fileRef = D1CDFF49286C7FBD0028E5F2 /* Extensions.swift */; };
		D1CDFF4C286C81B90028E5F2 /* URLs.swift in Sources */ = {isa = PBXBuildFile; fileRef = D1CDFF4B286C81B90028E5F2 /* URLs.swift */; };
		F62DBF8DD35EE1D1F7219BD1 /* Pods_StreamingApp.framework in Frameworks */ = {isa = PBXBuildFile; fileRef = 49B6AB6687966D45B67A8E25 /* Pods_StreamingApp.framework */; };
/* End PBXBuildFile section */

/* Begin PBXContainerItemProxy section */
		D1C64DBF28658A4A005BB26C /* PBXContainerItemProxy */ = {
			isa = PBXContainerItemProxy;
			containerPortal = D1C64DA028658A47005BB26C /* Project object */;
			proxyType = 1;
			remoteGlobalIDString = D1C64DA728658A47005BB26C;
			remoteInfo = StreamingApp;
		};
		D1C64DC928658A4A005BB26C /* PBXContainerItemProxy */ = {
			isa = PBXContainerItemProxy;
			containerPortal = D1C64DA028658A47005BB26C /* Project object */;
			proxyType = 1;
			remoteGlobalIDString = D1C64DA728658A47005BB26C;
			remoteInfo = StreamingApp;
		};
/* End PBXContainerItemProxy section */

/* Begin PBXFileReference section */
		241DA6C5DEB8F930A4AAF0B1 /* Pods-StreamingAppTests.debug.xcconfig */ = {isa = PBXFileReference; includeInIndex = 1; lastKnownFileType = text.xcconfig; name = "Pods-StreamingAppTests.debug.xcconfig"; path = "Target Support Files/Pods-StreamingAppTests/Pods-StreamingAppTests.debug.xcconfig"; sourceTree = "<group>"; };
		2AABE63FEF22F3E94AB47EF6 /* Pods_StreamingAppTests.framework */ = {isa = PBXFileReference; explicitFileType = wrapper.framework; includeInIndex = 0; path = Pods_StreamingAppTests.framework; sourceTree = BUILT_PRODUCTS_DIR; };
		318EB362F8C0234F351EF1C1 /* Pods-StreamingApp-StreamingAppUITests.debug.xcconfig */ = {isa = PBXFileReference; includeInIndex = 1; lastKnownFileType = text.xcconfig; name = "Pods-StreamingApp-StreamingAppUITests.debug.xcconfig"; path = "Target Support Files/Pods-StreamingApp-StreamingAppUITests/Pods-StreamingApp-StreamingAppUITests.debug.xcconfig"; sourceTree = "<group>"; };
		42F915CA3FE0A32C98B4BC78 /* Pods-StreamingApp-StreamingAppUITests.release.xcconfig */ = {isa = PBXFileReference; includeInIndex = 1; lastKnownFileType = text.xcconfig; name = "Pods-StreamingApp-StreamingAppUITests.release.xcconfig"; path = "Target Support Files/Pods-StreamingApp-StreamingAppUITests/Pods-StreamingApp-StreamingAppUITests.release.xcconfig"; sourceTree = "<group>"; };
		49B6AB6687966D45B67A8E25 /* Pods_StreamingApp.framework */ = {isa = PBXFileReference; explicitFileType = wrapper.framework; includeInIndex = 0; path = Pods_StreamingApp.framework; sourceTree = BUILT_PRODUCTS_DIR; };
		5275FC525E29EE59B354B586 /* Pods-StreamingApp.debug.xcconfig */ = {isa = PBXFileReference; includeInIndex = 1; lastKnownFileType = text.xcconfig; name = "Pods-StreamingApp.debug.xcconfig"; path = "Target Support Files/Pods-StreamingApp/Pods-StreamingApp.debug.xcconfig"; sourceTree = "<group>"; };
		766B61A0DF9B65A54530EB8C /* Pods-StreamingAppTests.release.xcconfig */ = {isa = PBXFileReference; includeInIndex = 1; lastKnownFileType = text.xcconfig; name = "Pods-StreamingAppTests.release.xcconfig"; path = "Target Support Files/Pods-StreamingAppTests/Pods-StreamingAppTests.release.xcconfig"; sourceTree = "<group>"; };
		94C6C1D9C1307C0EDD052A37 /* Pods_StreamingApp_StreamingAppUITests.framework */ = {isa = PBXFileReference; explicitFileType = wrapper.framework; includeInIndex = 0; path = Pods_StreamingApp_StreamingAppUITests.framework; sourceTree = BUILT_PRODUCTS_DIR; };
		D1B0186F28E32AF800F2190D /* WebService.swift */ = {isa = PBXFileReference; lastKnownFileType = sourcecode.swift; path = WebService.swift; sourceTree = "<group>"; };
		D1B0187328E3437100F2190D /* RequestBuilder.swift */ = {isa = PBXFileReference; lastKnownFileType = sourcecode.swift; path = RequestBuilder.swift; sourceTree = "<group>"; };
		D1B0187528E35D7100F2190D /* EventViewModel.swift */ = {isa = PBXFileReference; lastKnownFileType = sourcecode.swift; path = EventViewModel.swift; sourceTree = "<group>"; };
		D1B0187728E3636D00F2190D /* ScheduleViewModel.swift */ = {isa = PBXFileReference; lastKnownFileType = sourcecode.swift; path = ScheduleViewModel.swift; sourceTree = "<group>"; };
		D1C64DA828658A47005BB26C /* StreamingApp.app */ = {isa = PBXFileReference; explicitFileType = wrapper.application; includeInIndex = 0; path = StreamingApp.app; sourceTree = BUILT_PRODUCTS_DIR; };
		D1C64DAB28658A47005BB26C /* AppDelegate.swift */ = {isa = PBXFileReference; lastKnownFileType = sourcecode.swift; path = AppDelegate.swift; sourceTree = "<group>"; };
		D1C64DAD28658A47005BB26C /* SceneDelegate.swift */ = {isa = PBXFileReference; lastKnownFileType = sourcecode.swift; path = SceneDelegate.swift; sourceTree = "<group>"; };
		D1C64DB428658A49005BB26C /* Assets.xcassets */ = {isa = PBXFileReference; lastKnownFileType = folder.assetcatalog; path = Assets.xcassets; sourceTree = "<group>"; };
		D1C64DB728658A49005BB26C /* Base */ = {isa = PBXFileReference; lastKnownFileType = file.storyboard; name = Base; path = Base.lproj/LaunchScreen.storyboard; sourceTree = "<group>"; };
		D1C64DB928658A49005BB26C /* Info.plist */ = {isa = PBXFileReference; lastKnownFileType = text.plist.xml; path = Info.plist; sourceTree = "<group>"; };
		D1C64DBE28658A4A005BB26C /* StreamingAppTests.xctest */ = {isa = PBXFileReference; explicitFileType = wrapper.cfbundle; includeInIndex = 0; path = StreamingAppTests.xctest; sourceTree = BUILT_PRODUCTS_DIR; };
		D1C64DC228658A4A005BB26C /* StreamingAppTests.swift */ = {isa = PBXFileReference; lastKnownFileType = sourcecode.swift; path = StreamingAppTests.swift; sourceTree = "<group>"; };
		D1C64DC828658A4A005BB26C /* StreamingAppUITests.xctest */ = {isa = PBXFileReference; explicitFileType = wrapper.cfbundle; includeInIndex = 0; path = StreamingAppUITests.xctest; sourceTree = BUILT_PRODUCTS_DIR; };
		D1C64DCC28658A4A005BB26C /* StreamingAppUITests.swift */ = {isa = PBXFileReference; lastKnownFileType = sourcecode.swift; path = StreamingAppUITests.swift; sourceTree = "<group>"; };
		D1C64DCE28658A4A005BB26C /* StreamingAppUITestsLaunchTests.swift */ = {isa = PBXFileReference; lastKnownFileType = sourcecode.swift; path = StreamingAppUITestsLaunchTests.swift; sourceTree = "<group>"; };
		D1C64DDC286591CA005BB26C /* Events.storyboard */ = {isa = PBXFileReference; lastKnownFileType = file.storyboard; path = Events.storyboard; sourceTree = "<group>"; };
		D1C64DDF2865974F005BB26C /* EventsListViewController.swift */ = {isa = PBXFileReference; lastKnownFileType = sourcecode.swift; path = EventsListViewController.swift; sourceTree = "<group>"; };
		D1C64DE428659D1B005BB26C /* EventTableViewCell.swift */ = {isa = PBXFileReference; lastKnownFileType = sourcecode.swift; path = EventTableViewCell.swift; sourceTree = "<group>"; };
		D1C64DE82865A1F1005BB26C /* SplashScreenViewController.swift */ = {isa = PBXFileReference; lastKnownFileType = sourcecode.swift; path = SplashScreenViewController.swift; sourceTree = "<group>"; };
		D1C64DEA2865A41C005BB26C /* TabBarViewController.swift */ = {isa = PBXFileReference; lastKnownFileType = sourcecode.swift; path = TabBarViewController.swift; sourceTree = "<group>"; };
		D1C64DEC2865AD82005BB26C /* Schedule.storyboard */ = {isa = PBXFileReference; lastKnownFileType = file.storyboard; path = Schedule.storyboard; sourceTree = "<group>"; };
		D1C64DEE2865AF46005BB26C /* ScheduleListViewController.swift */ = {isa = PBXFileReference; lastKnownFileType = sourcecode.swift; path = ScheduleListViewController.swift; sourceTree = "<group>"; };
		D1C64DF328663A0B005BB26C /* EventsListViewModel.swift */ = {isa = PBXFileReference; lastKnownFileType = sourcecode.swift; path = EventsListViewModel.swift; sourceTree = "<group>"; };
		D1C64DF628663E95005BB26C /* Event.swift */ = {isa = PBXFileReference; lastKnownFileType = sourcecode.swift; path = Event.swift; sourceTree = "<group>"; };
		D1C64DFB286654B0005BB26C /* EventsNetworkService.swift */ = {isa = PBXFileReference; lastKnownFileType = sourcecode.swift; path = EventsNetworkService.swift; sourceTree = "<group>"; };
		D1C64DFE2869CA30005BB26C /* Schedule.swift */ = {isa = PBXFileReference; lastKnownFileType = sourcecode.swift; path = Schedule.swift; sourceTree = "<group>"; };
		D1C64E002869CA86005BB26C /* ScheduleListViewModel.swift */ = {isa = PBXFileReference; lastKnownFileType = sourcecode.swift; path = ScheduleListViewModel.swift; sourceTree = "<group>"; };
		D1C64E022869CBE7005BB26C /* SchedulesNetworkService.swift */ = {isa = PBXFileReference; lastKnownFileType = sourcecode.swift; path = SchedulesNetworkService.swift; sourceTree = "<group>"; };
		D1C64E052869D875005BB26C /* ScheduleTableViewCell.swift */ = {isa = PBXFileReference; lastKnownFileType = sourcecode.swift; path = ScheduleTableViewCell.swift; sourceTree = "<group>"; };
		D1C64E072869DC8B005BB26C /* Main.storyboard */ = {isa = PBXFileReference; fileEncoding = 4; lastKnownFileType = file.storyboard; path = Main.storyboard; sourceTree = "<group>"; };
		D1CDFF49286C7FBD0028E5F2 /* Extensions.swift */ = {isa = PBXFileReference; lastKnownFileType = sourcecode.swift; path = Extensions.swift; sourceTree = "<group>"; };
		D1CDFF4B286C81B90028E5F2 /* URLs.swift */ = {isa = PBXFileReference; lastKnownFileType = sourcecode.swift; path = URLs.swift; sourceTree = "<group>"; };
		D9CCD473F26C4766648DDE07 /* Pods-StreamingApp.release.xcconfig */ = {isa = PBXFileReference; includeInIndex = 1; lastKnownFileType = text.xcconfig; name = "Pods-StreamingApp.release.xcconfig"; path = "Target Support Files/Pods-StreamingApp/Pods-StreamingApp.release.xcconfig"; sourceTree = "<group>"; };
/* End PBXFileReference section */

/* Begin PBXFrameworksBuildPhase section */
		D1C64DA528658A47005BB26C /* Frameworks */ = {
			isa = PBXFrameworksBuildPhase;
			buildActionMask = 2147483647;
			files = (
				F62DBF8DD35EE1D1F7219BD1 /* Pods_StreamingApp.framework in Frameworks */,
			);
			runOnlyForDeploymentPostprocessing = 0;
		};
		D1C64DBB28658A4A005BB26C /* Frameworks */ = {
			isa = PBXFrameworksBuildPhase;
			buildActionMask = 2147483647;
			files = (
				CE1682FB5FAEF59B2F65A2AC /* Pods_StreamingAppTests.framework in Frameworks */,
			);
			runOnlyForDeploymentPostprocessing = 0;
		};
		D1C64DC528658A4A005BB26C /* Frameworks */ = {
			isa = PBXFrameworksBuildPhase;
			buildActionMask = 2147483647;
			files = (
				BEE1D58454F5965BEED0E5BC /* Pods_StreamingApp_StreamingAppUITests.framework in Frameworks */,
			);
			runOnlyForDeploymentPostprocessing = 0;
		};
/* End PBXFrameworksBuildPhase section */

/* Begin PBXGroup section */
		34AFA0EFB3D91EBA1FEC427A /* Pods */ = {
			isa = PBXGroup;
			children = (
				5275FC525E29EE59B354B586 /* Pods-StreamingApp.debug.xcconfig */,
				D9CCD473F26C4766648DDE07 /* Pods-StreamingApp.release.xcconfig */,
				318EB362F8C0234F351EF1C1 /* Pods-StreamingApp-StreamingAppUITests.debug.xcconfig */,
				42F915CA3FE0A32C98B4BC78 /* Pods-StreamingApp-StreamingAppUITests.release.xcconfig */,
				241DA6C5DEB8F930A4AAF0B1 /* Pods-StreamingAppTests.debug.xcconfig */,
				766B61A0DF9B65A54530EB8C /* Pods-StreamingAppTests.release.xcconfig */,
			);
			path = Pods;
			sourceTree = "<group>";
		};
		69B0FD44FA9507DFDD014895 /* Frameworks */ = {
			isa = PBXGroup;
			children = (
				49B6AB6687966D45B67A8E25 /* Pods_StreamingApp.framework */,
				94C6C1D9C1307C0EDD052A37 /* Pods_StreamingApp_StreamingAppUITests.framework */,
				2AABE63FEF22F3E94AB47EF6 /* Pods_StreamingAppTests.framework */,
			);
			name = Frameworks;
			sourceTree = "<group>";
		};
		D1C64D9F28658A47005BB26C = {
			isa = PBXGroup;
			children = (
				D1C64DAA28658A47005BB26C /* StreamingApp */,
				D1C64DC128658A4A005BB26C /* StreamingAppTests */,
				D1C64DCB28658A4A005BB26C /* StreamingAppUITests */,
				D1C64DA928658A47005BB26C /* Products */,
				34AFA0EFB3D91EBA1FEC427A /* Pods */,
				69B0FD44FA9507DFDD014895 /* Frameworks */,
			);
			sourceTree = "<group>";
		};
		D1C64DA928658A47005BB26C /* Products */ = {
			isa = PBXGroup;
			children = (
				D1C64DA828658A47005BB26C /* StreamingApp.app */,
				D1C64DBE28658A4A005BB26C /* StreamingAppTests.xctest */,
				D1C64DC828658A4A005BB26C /* StreamingAppUITests.xctest */,
			);
			name = Products;
			sourceTree = "<group>";
		};
		D1C64DAA28658A47005BB26C /* StreamingApp */ = {
			isa = PBXGroup;
			children = (
				D1CDFF48286C7FAE0028E5F2 /* Utils */,
				D1C64DF528663E84005BB26C /* Models */,
				D1CDFF47286C78E90028E5F2 /* Views */,
				D1C64E09286B33A2005BB26C /* ViewModels */,
				D1C64DFA28665498005BB26C /* NetworkServices */,
				D1C64DAB28658A47005BB26C /* AppDelegate.swift */,
				D1C64DAD28658A47005BB26C /* SceneDelegate.swift */,
				D1C64DB428658A49005BB26C /* Assets.xcassets */,
				D1C64DB928658A49005BB26C /* Info.plist */,
			);
			path = StreamingApp;
			sourceTree = "<group>";
		};
		D1C64DC128658A4A005BB26C /* StreamingAppTests */ = {
			isa = PBXGroup;
			children = (
				D1C64DC228658A4A005BB26C /* StreamingAppTests.swift */,
			);
			path = StreamingAppTests;
			sourceTree = "<group>";
		};
		D1C64DCB28658A4A005BB26C /* StreamingAppUITests */ = {
			isa = PBXGroup;
			children = (
				D1C64DCC28658A4A005BB26C /* StreamingAppUITests.swift */,
				D1C64DCE28658A4A005BB26C /* StreamingAppUITestsLaunchTests.swift */,
			);
			path = StreamingAppUITests;
			sourceTree = "<group>";
		};
		D1C64DDB28658EFB005BB26C /* Storyboards */ = {
			isa = PBXGroup;
			children = (
				D1C64E072869DC8B005BB26C /* Main.storyboard */,
				D1C64DB628658A49005BB26C /* LaunchScreen.storyboard */,
				D1C64DDC286591CA005BB26C /* Events.storyboard */,
				D1C64DEC2865AD82005BB26C /* Schedule.storyboard */,
			);
			path = Storyboards;
			sourceTree = "<group>";
		};
		D1C64DDE28659578005BB26C /* ViewControllers */ = {
			isa = PBXGroup;
			children = (
				D1C64DEE2865AF46005BB26C /* ScheduleListViewController.swift */,
				D1C64DDF2865974F005BB26C /* EventsListViewController.swift */,
				D1C64DE82865A1F1005BB26C /* SplashScreenViewController.swift */,
				D1C64DEA2865A41C005BB26C /* TabBarViewController.swift */,
			);
			path = ViewControllers;
			sourceTree = "<group>";
		};
		D1C64DF528663E84005BB26C /* Models */ = {
			isa = PBXGroup;
			children = (
				D1C64DF628663E95005BB26C /* Event.swift */,
				D1C64DFE2869CA30005BB26C /* Schedule.swift */,
			);
			path = Models;
			sourceTree = "<group>";
		};
		D1C64DFA28665498005BB26C /* NetworkServices */ = {
			isa = PBXGroup;
			children = (
				D1C64DFB286654B0005BB26C /* EventsNetworkService.swift */,
				D1C64E022869CBE7005BB26C /* SchedulesNetworkService.swift */,
				D1B0186F28E32AF800F2190D /* WebService.swift */,
				D1B0187328E3437100F2190D /* RequestBuilder.swift */,
			);
			path = NetworkServices;
			sourceTree = "<group>";
		};
		D1C64E09286B33A2005BB26C /* ViewModels */ = {
			isa = PBXGroup;
			children = (
				D1C64DF328663A0B005BB26C /* EventsListViewModel.swift */,
				D1C64E002869CA86005BB26C /* ScheduleListViewModel.swift */,
				D1B0187528E35D7100F2190D /* EventViewModel.swift */,
				D1B0187728E3636D00F2190D /* ScheduleViewModel.swift */,
			);
			path = ViewModels;
			sourceTree = "<group>";
		};
		D1C64E0A286B33BA005BB26C /* TableViewCells */ = {
			isa = PBXGroup;
			children = (
				D1C64DE428659D1B005BB26C /* EventTableViewCell.swift */,
				D1C64E052869D875005BB26C /* ScheduleTableViewCell.swift */,
			);
			path = TableViewCells;
			sourceTree = "<group>";
		};
		D1CDFF47286C78E90028E5F2 /* Views */ = {
			isa = PBXGroup;
			children = (
				D1C64DDB28658EFB005BB26C /* Storyboards */,
				D1C64DDE28659578005BB26C /* ViewControllers */,
				D1C64E0A286B33BA005BB26C /* TableViewCells */,
			);
			path = Views;
			sourceTree = "<group>";
		};
		D1CDFF48286C7FAE0028E5F2 /* Utils */ = {
			isa = PBXGroup;
			children = (
				D1CDFF49286C7FBD0028E5F2 /* Extensions.swift */,
				D1CDFF4B286C81B90028E5F2 /* URLs.swift */,
			);
			path = Utils;
			sourceTree = "<group>";
		};
/* End PBXGroup section */

/* Begin PBXNativeTarget section */
		D1C64DA728658A47005BB26C /* StreamingApp */ = {
			isa = PBXNativeTarget;
			buildConfigurationList = D1C64DD228658A4A005BB26C /* Build configuration list for PBXNativeTarget "StreamingApp" */;
			buildPhases = (
				0E890C968A8E07C98CB0BA88 /* [CP] Check Pods Manifest.lock */,
				D1C64DA428658A47005BB26C /* Sources */,
				D1C64DA528658A47005BB26C /* Frameworks */,
				D1C64DA628658A47005BB26C /* Resources */,
				2F7013299BA55AD46C769ED4 /* [CP] Embed Pods Frameworks */,
			);
			buildRules = (
			);
			dependencies = (
			);
			name = StreamingApp;
			productName = StreamingApp;
			productReference = D1C64DA828658A47005BB26C /* StreamingApp.app */;
			productType = "com.apple.product-type.application";
		};
		D1C64DBD28658A4A005BB26C /* StreamingAppTests */ = {
			isa = PBXNativeTarget;
			buildConfigurationList = D1C64DD528658A4A005BB26C /* Build configuration list for PBXNativeTarget "StreamingAppTests" */;
			buildPhases = (
				DCD932B41B839B6B30EC21A1 /* [CP] Check Pods Manifest.lock */,
				D1C64DBA28658A4A005BB26C /* Sources */,
				D1C64DBB28658A4A005BB26C /* Frameworks */,
				D1C64DBC28658A4A005BB26C /* Resources */,
			);
			buildRules = (
			);
			dependencies = (
				D1C64DC028658A4A005BB26C /* PBXTargetDependency */,
			);
			name = StreamingAppTests;
			productName = StreamingAppTests;
			productReference = D1C64DBE28658A4A005BB26C /* StreamingAppTests.xctest */;
			productType = "com.apple.product-type.bundle.unit-test";
		};
		D1C64DC728658A4A005BB26C /* StreamingAppUITests */ = {
			isa = PBXNativeTarget;
			buildConfigurationList = D1C64DD828658A4A005BB26C /* Build configuration list for PBXNativeTarget "StreamingAppUITests" */;
			buildPhases = (
				1874E91EDE159DD941459971 /* [CP] Check Pods Manifest.lock */,
				D1C64DC428658A4A005BB26C /* Sources */,
				D1C64DC528658A4A005BB26C /* Frameworks */,
				D1C64DC628658A4A005BB26C /* Resources */,
				EBE753303059FDA3BE80F140 /* [CP] Embed Pods Frameworks */,
			);
			buildRules = (
			);
			dependencies = (
				D1C64DCA28658A4A005BB26C /* PBXTargetDependency */,
			);
			name = StreamingAppUITests;
			productName = StreamingAppUITests;
			productReference = D1C64DC828658A4A005BB26C /* StreamingAppUITests.xctest */;
			productType = "com.apple.product-type.bundle.ui-testing";
		};
/* End PBXNativeTarget section */

/* Begin PBXProject section */
		D1C64DA028658A47005BB26C /* Project object */ = {
			isa = PBXProject;
			attributes = {
				BuildIndependentTargetsInParallel = 1;
				LastSwiftUpdateCheck = 1300;
				LastUpgradeCheck = 1300;
				TargetAttributes = {
					D1C64DA728658A47005BB26C = {
						CreatedOnToolsVersion = 13.0;
					};
					D1C64DBD28658A4A005BB26C = {
						CreatedOnToolsVersion = 13.0;
						TestTargetID = D1C64DA728658A47005BB26C;
					};
					D1C64DC728658A4A005BB26C = {
						CreatedOnToolsVersion = 13.0;
						TestTargetID = D1C64DA728658A47005BB26C;
					};
				};
			};
			buildConfigurationList = D1C64DA328658A47005BB26C /* Build configuration list for PBXProject "StreamingApp" */;
			compatibilityVersion = "Xcode 13.0";
			developmentRegion = en;
			hasScannedForEncodings = 0;
			knownRegions = (
				en,
				Base,
			);
			mainGroup = D1C64D9F28658A47005BB26C;
			productRefGroup = D1C64DA928658A47005BB26C /* Products */;
			projectDirPath = "";
			projectRoot = "";
			targets = (
				D1C64DA728658A47005BB26C /* StreamingApp */,
				D1C64DBD28658A4A005BB26C /* StreamingAppTests */,
				D1C64DC728658A4A005BB26C /* StreamingAppUITests */,
			);
		};
/* End PBXProject section */

/* Begin PBXResourcesBuildPhase section */
		D1C64DA628658A47005BB26C /* Resources */ = {
			isa = PBXResourcesBuildPhase;
			buildActionMask = 2147483647;
			files = (
				D1C64DB828658A49005BB26C /* LaunchScreen.storyboard in Resources */,
				D1C64DDD286591CA005BB26C /* Events.storyboard in Resources */,
				D1C64DB528658A49005BB26C /* Assets.xcassets in Resources */,
				D1C64E082869DC8C005BB26C /* Main.storyboard in Resources */,
				D1C64DED2865AD82005BB26C /* Schedule.storyboard in Resources */,
			);
			runOnlyForDeploymentPostprocessing = 0;
		};
		D1C64DBC28658A4A005BB26C /* Resources */ = {
			isa = PBXResourcesBuildPhase;
			buildActionMask = 2147483647;
			files = (
			);
			runOnlyForDeploymentPostprocessing = 0;
		};
		D1C64DC628658A4A005BB26C /* Resources */ = {
			isa = PBXResourcesBuildPhase;
			buildActionMask = 2147483647;
			files = (
			);
			runOnlyForDeploymentPostprocessing = 0;
		};
/* End PBXResourcesBuildPhase section */

/* Begin PBXShellScriptBuildPhase section */
		0E890C968A8E07C98CB0BA88 /* [CP] Check Pods Manifest.lock */ = {
			isa = PBXShellScriptBuildPhase;
			buildActionMask = 2147483647;
			files = (
			);
			inputFileListPaths = (
			);
			inputPaths = (
				"${PODS_PODFILE_DIR_PATH}/Podfile.lock",
				"${PODS_ROOT}/Manifest.lock",
			);
			name = "[CP] Check Pods Manifest.lock";
			outputFileListPaths = (
			);
			outputPaths = (
				"$(DERIVED_FILE_DIR)/Pods-StreamingApp-checkManifestLockResult.txt",
			);
			runOnlyForDeploymentPostprocessing = 0;
			shellPath = /bin/sh;
			shellScript = "diff \"${PODS_PODFILE_DIR_PATH}/Podfile.lock\" \"${PODS_ROOT}/Manifest.lock\" > /dev/null\nif [ $? != 0 ] ; then\n    # print error to STDERR\n    echo \"error: The sandbox is not in sync with the Podfile.lock. Run 'pod install' or update your CocoaPods installation.\" >&2\n    exit 1\nfi\n# This output is used by Xcode 'outputs' to avoid re-running this script phase.\necho \"SUCCESS\" > \"${SCRIPT_OUTPUT_FILE_0}\"\n";
			showEnvVarsInLog = 0;
		};
		1874E91EDE159DD941459971 /* [CP] Check Pods Manifest.lock */ = {
			isa = PBXShellScriptBuildPhase;
			buildActionMask = 2147483647;
			files = (
			);
			inputFileListPaths = (
			);
			inputPaths = (
				"${PODS_PODFILE_DIR_PATH}/Podfile.lock",
				"${PODS_ROOT}/Manifest.lock",
			);
			name = "[CP] Check Pods Manifest.lock";
			outputFileListPaths = (
			);
			outputPaths = (
				"$(DERIVED_FILE_DIR)/Pods-StreamingApp-StreamingAppUITests-checkManifestLockResult.txt",
			);
			runOnlyForDeploymentPostprocessing = 0;
			shellPath = /bin/sh;
			shellScript = "diff \"${PODS_PODFILE_DIR_PATH}/Podfile.lock\" \"${PODS_ROOT}/Manifest.lock\" > /dev/null\nif [ $? != 0 ] ; then\n    # print error to STDERR\n    echo \"error: The sandbox is not in sync with the Podfile.lock. Run 'pod install' or update your CocoaPods installation.\" >&2\n    exit 1\nfi\n# This output is used by Xcode 'outputs' to avoid re-running this script phase.\necho \"SUCCESS\" > \"${SCRIPT_OUTPUT_FILE_0}\"\n";
			showEnvVarsInLog = 0;
		};
		2F7013299BA55AD46C769ED4 /* [CP] Embed Pods Frameworks */ = {
			isa = PBXShellScriptBuildPhase;
			buildActionMask = 2147483647;
			files = (
			);
			inputFileListPaths = (
				"${PODS_ROOT}/Target Support Files/Pods-StreamingApp/Pods-StreamingApp-frameworks-${CONFIGURATION}-input-files.xcfilelist",
			);
			name = "[CP] Embed Pods Frameworks";
			outputFileListPaths = (
				"${PODS_ROOT}/Target Support Files/Pods-StreamingApp/Pods-StreamingApp-frameworks-${CONFIGURATION}-output-files.xcfilelist",
			);
			runOnlyForDeploymentPostprocessing = 0;
			shellPath = /bin/sh;
			shellScript = "\"${PODS_ROOT}/Target Support Files/Pods-StreamingApp/Pods-StreamingApp-frameworks.sh\"\n";
			showEnvVarsInLog = 0;
		};
		DCD932B41B839B6B30EC21A1 /* [CP] Check Pods Manifest.lock */ = {
			isa = PBXShellScriptBuildPhase;
			buildActionMask = 2147483647;
			files = (
			);
			inputFileListPaths = (
			);
			inputPaths = (
				"${PODS_PODFILE_DIR_PATH}/Podfile.lock",
				"${PODS_ROOT}/Manifest.lock",
			);
			name = "[CP] Check Pods Manifest.lock";
			outputFileListPaths = (
			);
			outputPaths = (
				"$(DERIVED_FILE_DIR)/Pods-StreamingAppTests-checkManifestLockResult.txt",
			);
			runOnlyForDeploymentPostprocessing = 0;
			shellPath = /bin/sh;
			shellScript = "diff \"${PODS_PODFILE_DIR_PATH}/Podfile.lock\" \"${PODS_ROOT}/Manifest.lock\" > /dev/null\nif [ $? != 0 ] ; then\n    # print error to STDERR\n    echo \"error: The sandbox is not in sync with the Podfile.lock. Run 'pod install' or update your CocoaPods installation.\" >&2\n    exit 1\nfi\n# This output is used by Xcode 'outputs' to avoid re-running this script phase.\necho \"SUCCESS\" > \"${SCRIPT_OUTPUT_FILE_0}\"\n";
			showEnvVarsInLog = 0;
		};
		EBE753303059FDA3BE80F140 /* [CP] Embed Pods Frameworks */ = {
			isa = PBXShellScriptBuildPhase;
			buildActionMask = 2147483647;
			files = (
			);
			inputFileListPaths = (
				"${PODS_ROOT}/Target Support Files/Pods-StreamingApp-StreamingAppUITests/Pods-StreamingApp-StreamingAppUITests-frameworks-${CONFIGURATION}-input-files.xcfilelist",
			);
			name = "[CP] Embed Pods Frameworks";
			outputFileListPaths = (
				"${PODS_ROOT}/Target Support Files/Pods-StreamingApp-StreamingAppUITests/Pods-StreamingApp-StreamingAppUITests-frameworks-${CONFIGURATION}-output-files.xcfilelist",
			);
			runOnlyForDeploymentPostprocessing = 0;
			shellPath = /bin/sh;
			shellScript = "\"${PODS_ROOT}/Target Support Files/Pods-StreamingApp-StreamingAppUITests/Pods-StreamingApp-StreamingAppUITests-frameworks.sh\"\n";
			showEnvVarsInLog = 0;
		};
/* End PBXShellScriptBuildPhase section */

/* Begin PBXSourcesBuildPhase section */
		D1C64DA428658A47005BB26C /* Sources */ = {
			isa = PBXSourcesBuildPhase;
			buildActionMask = 2147483647;
			files = (
				D1C64DF728663E95005BB26C /* Event.swift in Sources */,
				D1C64DE02865974F005BB26C /* EventsListViewController.swift in Sources */,
				D1CDFF4C286C81B90028E5F2 /* URLs.swift in Sources */,
				D1B0187828E3636D00F2190D /* ScheduleViewModel.swift in Sources */,
				D1B0187428E3437100F2190D /* RequestBuilder.swift in Sources */,
				D1C64DE92865A1F1005BB26C /* SplashScreenViewController.swift in Sources */,
				D1B0187028E32AF800F2190D /* WebService.swift in Sources */,
				D1C64DEF2865AF46005BB26C /* ScheduleListViewController.swift in Sources */,
				D1C64E032869CBE7005BB26C /* SchedulesNetworkService.swift in Sources */,
				D1B0187628E35D7100F2190D /* EventViewModel.swift in Sources */,
				D1C64DAC28658A47005BB26C /* AppDelegate.swift in Sources */,
				D1C64DF428663A0B005BB26C /* EventsListViewModel.swift in Sources */,
				D1C64DFC286654B0005BB26C /* EventsNetworkService.swift in Sources */,
				D1C64DEB2865A41C005BB26C /* TabBarViewController.swift in Sources */,
				D1C64DE528659D1B005BB26C /* EventTableViewCell.swift in Sources */,
				D1CDFF4A286C7FBD0028E5F2 /* Extensions.swift in Sources */,
				D1C64E062869D875005BB26C /* ScheduleTableViewCell.swift in Sources */,
				D1C64DAE28658A47005BB26C /* SceneDelegate.swift in Sources */,
				D1C64DFF2869CA30005BB26C /* Schedule.swift in Sources */,
				D1C64E012869CA86005BB26C /* ScheduleListViewModel.swift in Sources */,
			);
			runOnlyForDeploymentPostprocessing = 0;
		};
		D1C64DBA28658A4A005BB26C /* Sources */ = {
			isa = PBXSourcesBuildPhase;
			buildActionMask = 2147483647;
			files = (
				D1C64DC328658A4A005BB26C /* StreamingAppTests.swift in Sources */,
			);
			runOnlyForDeploymentPostprocessing = 0;
		};
		D1C64DC428658A4A005BB26C /* Sources */ = {
			isa = PBXSourcesBuildPhase;
			buildActionMask = 2147483647;
			files = (
				D1C64DCD28658A4A005BB26C /* StreamingAppUITests.swift in Sources */,
				D1C64DCF28658A4A005BB26C /* StreamingAppUITestsLaunchTests.swift in Sources */,
			);
			runOnlyForDeploymentPostprocessing = 0;
		};
/* End PBXSourcesBuildPhase section */

/* Begin PBXTargetDependency section */
		D1C64DC028658A4A005BB26C /* PBXTargetDependency */ = {
			isa = PBXTargetDependency;
			target = D1C64DA728658A47005BB26C /* StreamingApp */;
			targetProxy = D1C64DBF28658A4A005BB26C /* PBXContainerItemProxy */;
		};
		D1C64DCA28658A4A005BB26C /* PBXTargetDependency */ = {
			isa = PBXTargetDependency;
			target = D1C64DA728658A47005BB26C /* StreamingApp */;
			targetProxy = D1C64DC928658A4A005BB26C /* PBXContainerItemProxy */;
		};
/* End PBXTargetDependency section */

/* Begin PBXVariantGroup section */
		D1C64DB628658A49005BB26C /* LaunchScreen.storyboard */ = {
			isa = PBXVariantGroup;
			children = (
				D1C64DB728658A49005BB26C /* Base */,
			);
			name = LaunchScreen.storyboard;
			sourceTree = "<group>";
		};
/* End PBXVariantGroup section */

/* Begin XCBuildConfiguration section */
		D1C64DD028658A4A005BB26C /* Debug */ = {
			isa = XCBuildConfiguration;
			buildSettings = {
				ALWAYS_SEARCH_USER_PATHS = NO;
				CLANG_ANALYZER_NONNULL = YES;
				CLANG_ANALYZER_NUMBER_OBJECT_CONVERSION = YES_AGGRESSIVE;
				CLANG_CXX_LANGUAGE_STANDARD = "gnu++17";
				CLANG_CXX_LIBRARY = "libc++";
				CLANG_ENABLE_MODULES = YES;
				CLANG_ENABLE_OBJC_ARC = YES;
				CLANG_ENABLE_OBJC_WEAK = YES;
				CLANG_WARN_BLOCK_CAPTURE_AUTORELEASING = YES;
				CLANG_WARN_BOOL_CONVERSION = YES;
				CLANG_WARN_COMMA = YES;
				CLANG_WARN_CONSTANT_CONVERSION = YES;
				CLANG_WARN_DEPRECATED_OBJC_IMPLEMENTATIONS = YES;
				CLANG_WARN_DIRECT_OBJC_ISA_USAGE = YES_ERROR;
				CLANG_WARN_DOCUMENTATION_COMMENTS = YES;
				CLANG_WARN_EMPTY_BODY = YES;
				CLANG_WARN_ENUM_CONVERSION = YES;
				CLANG_WARN_INFINITE_RECURSION = YES;
				CLANG_WARN_INT_CONVERSION = YES;
				CLANG_WARN_NON_LITERAL_NULL_CONVERSION = YES;
				CLANG_WARN_OBJC_IMPLICIT_RETAIN_SELF = YES;
				CLANG_WARN_OBJC_LITERAL_CONVERSION = YES;
				CLANG_WARN_OBJC_ROOT_CLASS = YES_ERROR;
				CLANG_WARN_QUOTED_INCLUDE_IN_FRAMEWORK_HEADER = YES;
				CLANG_WARN_RANGE_LOOP_ANALYSIS = YES;
				CLANG_WARN_STRICT_PROTOTYPES = YES;
				CLANG_WARN_SUSPICIOUS_MOVE = YES;
				CLANG_WARN_UNGUARDED_AVAILABILITY = YES_AGGRESSIVE;
				CLANG_WARN_UNREACHABLE_CODE = YES;
				CLANG_WARN__DUPLICATE_METHOD_MATCH = YES;
				COPY_PHASE_STRIP = NO;
				DEBUG_INFORMATION_FORMAT = dwarf;
				ENABLE_STRICT_OBJC_MSGSEND = YES;
				ENABLE_TESTABILITY = YES;
				GCC_C_LANGUAGE_STANDARD = gnu11;
				GCC_DYNAMIC_NO_PIC = NO;
				GCC_NO_COMMON_BLOCKS = YES;
				GCC_OPTIMIZATION_LEVEL = 0;
				GCC_PREPROCESSOR_DEFINITIONS = (
					"DEBUG=1",
					"$(inherited)",
				);
				GCC_WARN_64_TO_32_BIT_CONVERSION = YES;
				GCC_WARN_ABOUT_RETURN_TYPE = YES_ERROR;
				GCC_WARN_UNDECLARED_SELECTOR = YES;
				GCC_WARN_UNINITIALIZED_AUTOS = YES_AGGRESSIVE;
				GCC_WARN_UNUSED_FUNCTION = YES;
				GCC_WARN_UNUSED_VARIABLE = YES;
				IPHONEOS_DEPLOYMENT_TARGET = 15.0;
				MTL_ENABLE_DEBUG_INFO = INCLUDE_SOURCE;
				MTL_FAST_MATH = YES;
				ONLY_ACTIVE_ARCH = YES;
				SDKROOT = iphoneos;
				SWIFT_ACTIVE_COMPILATION_CONDITIONS = DEBUG;
				SWIFT_OPTIMIZATION_LEVEL = "-Onone";
			};
			name = Debug;
		};
		D1C64DD128658A4A005BB26C /* Release */ = {
			isa = XCBuildConfiguration;
			buildSettings = {
				ALWAYS_SEARCH_USER_PATHS = NO;
				CLANG_ANALYZER_NONNULL = YES;
				CLANG_ANALYZER_NUMBER_OBJECT_CONVERSION = YES_AGGRESSIVE;
				CLANG_CXX_LANGUAGE_STANDARD = "gnu++17";
				CLANG_CXX_LIBRARY = "libc++";
				CLANG_ENABLE_MODULES = YES;
				CLANG_ENABLE_OBJC_ARC = YES;
				CLANG_ENABLE_OBJC_WEAK = YES;
				CLANG_WARN_BLOCK_CAPTURE_AUTORELEASING = YES;
				CLANG_WARN_BOOL_CONVERSION = YES;
				CLANG_WARN_COMMA = YES;
				CLANG_WARN_CONSTANT_CONVERSION = YES;
				CLANG_WARN_DEPRECATED_OBJC_IMPLEMENTATIONS = YES;
				CLANG_WARN_DIRECT_OBJC_ISA_USAGE = YES_ERROR;
				CLANG_WARN_DOCUMENTATION_COMMENTS = YES;
				CLANG_WARN_EMPTY_BODY = YES;
				CLANG_WARN_ENUM_CONVERSION = YES;
				CLANG_WARN_INFINITE_RECURSION = YES;
				CLANG_WARN_INT_CONVERSION = YES;
				CLANG_WARN_NON_LITERAL_NULL_CONVERSION = YES;
				CLANG_WARN_OBJC_IMPLICIT_RETAIN_SELF = YES;
				CLANG_WARN_OBJC_LITERAL_CONVERSION = YES;
				CLANG_WARN_OBJC_ROOT_CLASS = YES_ERROR;
				CLANG_WARN_QUOTED_INCLUDE_IN_FRAMEWORK_HEADER = YES;
				CLANG_WARN_RANGE_LOOP_ANALYSIS = YES;
				CLANG_WARN_STRICT_PROTOTYPES = YES;
				CLANG_WARN_SUSPICIOUS_MOVE = YES;
				CLANG_WARN_UNGUARDED_AVAILABILITY = YES_AGGRESSIVE;
				CLANG_WARN_UNREACHABLE_CODE = YES;
				CLANG_WARN__DUPLICATE_METHOD_MATCH = YES;
				COPY_PHASE_STRIP = NO;
				DEBUG_INFORMATION_FORMAT = "dwarf-with-dsym";
				ENABLE_NS_ASSERTIONS = NO;
				ENABLE_STRICT_OBJC_MSGSEND = YES;
				GCC_C_LANGUAGE_STANDARD = gnu11;
				GCC_NO_COMMON_BLOCKS = YES;
				GCC_WARN_64_TO_32_BIT_CONVERSION = YES;
				GCC_WARN_ABOUT_RETURN_TYPE = YES_ERROR;
				GCC_WARN_UNDECLARED_SELECTOR = YES;
				GCC_WARN_UNINITIALIZED_AUTOS = YES_AGGRESSIVE;
				GCC_WARN_UNUSED_FUNCTION = YES;
				GCC_WARN_UNUSED_VARIABLE = YES;
				IPHONEOS_DEPLOYMENT_TARGET = 15.0;
				MTL_ENABLE_DEBUG_INFO = NO;
				MTL_FAST_MATH = YES;
				SDKROOT = iphoneos;
				SWIFT_COMPILATION_MODE = wholemodule;
				SWIFT_OPTIMIZATION_LEVEL = "-O";
				VALIDATE_PRODUCT = YES;
			};
			name = Release;
		};
		D1C64DD328658A4A005BB26C /* Debug */ = {
			isa = XCBuildConfiguration;
			baseConfigurationReference = 5275FC525E29EE59B354B586 /* Pods-StreamingApp.debug.xcconfig */;
			buildSettings = {
				ASSETCATALOG_COMPILER_APPICON_NAME = AppIcon;
				ASSETCATALOG_COMPILER_GLOBAL_ACCENT_COLOR_NAME = AccentColor;
				CODE_SIGN_STYLE = Automatic;
				CURRENT_PROJECT_VERSION = 1;
				DEVELOPMENT_TEAM = XG7JRH745R;
				GENERATE_INFOPLIST_FILE = YES;
				INFOPLIST_FILE = StreamingApp/Info.plist;
				INFOPLIST_KEY_UIApplicationSupportsIndirectInputEvents = YES;
				INFOPLIST_KEY_UILaunchStoryboardName = LaunchScreen;
				INFOPLIST_KEY_UIMainStoryboardFile = Main;
				INFOPLIST_KEY_UISupportedInterfaceOrientations = UIInterfaceOrientationPortrait;
				INFOPLIST_KEY_UISupportedInterfaceOrientations_iPad = "UIInterfaceOrientationPortrait UIInterfaceOrientationPortraitUpsideDown UIInterfaceOrientationLandscapeLeft UIInterfaceOrientationLandscapeRight";
				INFOPLIST_KEY_UISupportedInterfaceOrientations_iPhone = "UIInterfaceOrientationPortrait UIInterfaceOrientationLandscapeLeft UIInterfaceOrientationLandscapeRight";
				INFOPLIST_KEY_UIUserInterfaceStyle = Light;
				LD_RUNPATH_SEARCH_PATHS = (
					"$(inherited)",
					"@executable_path/Frameworks",
				);
				MARKETING_VERSION = 1.0;
				PRODUCT_BUNDLE_IDENTIFIER = "Kuda-Zata.StreamingApp";
				PRODUCT_NAME = "$(TARGET_NAME)";
				SWIFT_EMIT_LOC_STRINGS = YES;
				SWIFT_VERSION = 5.0;
				TARGETED_DEVICE_FAMILY = "1,2";
			};
			name = Debug;
		};
		D1C64DD428658A4A005BB26C /* Release */ = {
			isa = XCBuildConfiguration;
			baseConfigurationReference = D9CCD473F26C4766648DDE07 /* Pods-StreamingApp.release.xcconfig */;
			buildSettings = {
				ASSETCATALOG_COMPILER_APPICON_NAME = AppIcon;
				ASSETCATALOG_COMPILER_GLOBAL_ACCENT_COLOR_NAME = AccentColor;
				CODE_SIGN_STYLE = Automatic;
				CURRENT_PROJECT_VERSION = 1;
				DEVELOPMENT_TEAM = XG7JRH745R;
				GENERATE_INFOPLIST_FILE = YES;
				INFOPLIST_FILE = StreamingApp/Info.plist;
				INFOPLIST_KEY_UIApplicationSupportsIndirectInputEvents = YES;
				INFOPLIST_KEY_UILaunchStoryboardName = LaunchScreen;
				INFOPLIST_KEY_UIMainStoryboardFile = Main;
				INFOPLIST_KEY_UISupportedInterfaceOrientations = UIInterfaceOrientationPortrait;
				INFOPLIST_KEY_UISupportedInterfaceOrientations_iPad = "UIInterfaceOrientationPortrait UIInterfaceOrientationPortraitUpsideDown UIInterfaceOrientationLandscapeLeft UIInterfaceOrientationLandscapeRight";
				INFOPLIST_KEY_UISupportedInterfaceOrientations_iPhone = "UIInterfaceOrientationPortrait UIInterfaceOrientationLandscapeLeft UIInterfaceOrientationLandscapeRight";
				INFOPLIST_KEY_UIUserInterfaceStyle = Light;
				LD_RUNPATH_SEARCH_PATHS = (
					"$(inherited)",
					"@executable_path/Frameworks",
				);
				MARKETING_VERSION = 1.0;
				PRODUCT_BUNDLE_IDENTIFIER = "Kuda-Zata.StreamingApp";
				PRODUCT_NAME = "$(TARGET_NAME)";
				SWIFT_EMIT_LOC_STRINGS = YES;
				SWIFT_VERSION = 5.0;
				TARGETED_DEVICE_FAMILY = "1,2";
			};
			name = Release;
		};
		D1C64DD628658A4A005BB26C /* Debug */ = {
			isa = XCBuildConfiguration;
			baseConfigurationReference = 241DA6C5DEB8F930A4AAF0B1 /* Pods-StreamingAppTests.debug.xcconfig */;
			buildSettings = {
				ALWAYS_EMBED_SWIFT_STANDARD_LIBRARIES = YES;
				BUNDLE_LOADER = "$(TEST_HOST)";
				CODE_SIGN_STYLE = Automatic;
				CURRENT_PROJECT_VERSION = 1;
				DEVELOPMENT_TEAM = XG7JRH745R;
				GENERATE_INFOPLIST_FILE = YES;
				IPHONEOS_DEPLOYMENT_TARGET = 15.0;
				LD_RUNPATH_SEARCH_PATHS = (
					"$(inherited)",
					"@executable_path/Frameworks",
					"@loader_path/Frameworks",
				);
				MARKETING_VERSION = 1.0;
				PRODUCT_BUNDLE_IDENTIFIER = "Kuda-Zata.StreamingAppTests";
				PRODUCT_NAME = "$(TARGET_NAME)";
				SWIFT_EMIT_LOC_STRINGS = NO;
				SWIFT_VERSION = 5.0;
				TARGETED_DEVICE_FAMILY = "1,2";
				TEST_HOST = "$(BUILT_PRODUCTS_DIR)/StreamingApp.app/StreamingApp";
			};
			name = Debug;
		};
		D1C64DD728658A4A005BB26C /* Release */ = {
			isa = XCBuildConfiguration;
			baseConfigurationReference = 766B61A0DF9B65A54530EB8C /* Pods-StreamingAppTests.release.xcconfig */;
			buildSettings = {
				ALWAYS_EMBED_SWIFT_STANDARD_LIBRARIES = YES;
				BUNDLE_LOADER = "$(TEST_HOST)";
				CODE_SIGN_STYLE = Automatic;
				CURRENT_PROJECT_VERSION = 1;
				DEVELOPMENT_TEAM = XG7JRH745R;
				GENERATE_INFOPLIST_FILE = YES;
				IPHONEOS_DEPLOYMENT_TARGET = 15.0;
				LD_RUNPATH_SEARCH_PATHS = (
					"$(inherited)",
					"@executable_path/Frameworks",
					"@loader_path/Frameworks",
				);
				MARKETING_VERSION = 1.0;
				PRODUCT_BUNDLE_IDENTIFIER = "Kuda-Zata.StreamingAppTests";
				PRODUCT_NAME = "$(TARGET_NAME)";
				SWIFT_EMIT_LOC_STRINGS = NO;
				SWIFT_VERSION = 5.0;
				TARGETED_DEVICE_FAMILY = "1,2";
				TEST_HOST = "$(BUILT_PRODUCTS_DIR)/StreamingApp.app/StreamingApp";
			};
			name = Release;
		};
		D1C64DD928658A4A005BB26C /* Debug */ = {
			isa = XCBuildConfiguration;
			baseConfigurationReference = 318EB362F8C0234F351EF1C1 /* Pods-StreamingApp-StreamingAppUITests.debug.xcconfig */;
			buildSettings = {
				ALWAYS_EMBED_SWIFT_STANDARD_LIBRARIES = YES;
				CODE_SIGN_STYLE = Automatic;
				CURRENT_PROJECT_VERSION = 1;
				DEVELOPMENT_TEAM = XG7JRH745R;
				GENERATE_INFOPLIST_FILE = YES;
				LD_RUNPATH_SEARCH_PATHS = (
					"$(inherited)",
					"@executable_path/Frameworks",
					"@loader_path/Frameworks",
				);
				MARKETING_VERSION = 1.0;
				PRODUCT_BUNDLE_IDENTIFIER = "Kuda-Zata.StreamingAppUITests";
				PRODUCT_NAME = "$(TARGET_NAME)";
				SWIFT_EMIT_LOC_STRINGS = NO;
				SWIFT_VERSION = 5.0;
				TARGETED_DEVICE_FAMILY = "1,2";
				TEST_TARGET_NAME = StreamingApp;
			};
			name = Debug;
		};
		D1C64DDA28658A4A005BB26C /* Release */ = {
			isa = XCBuildConfiguration;
			baseConfigurationReference = 42F915CA3FE0A32C98B4BC78 /* Pods-StreamingApp-StreamingAppUITests.release.xcconfig */;
			buildSettings = {
				ALWAYS_EMBED_SWIFT_STANDARD_LIBRARIES = YES;
				CODE_SIGN_STYLE = Automatic;
				CURRENT_PROJECT_VERSION = 1;
				DEVELOPMENT_TEAM = XG7JRH745R;
				GENERATE_INFOPLIST_FILE = YES;
				LD_RUNPATH_SEARCH_PATHS = (
					"$(inherited)",
					"@executable_path/Frameworks",
					"@loader_path/Frameworks",
				);
				MARKETING_VERSION = 1.0;
				PRODUCT_BUNDLE_IDENTIFIER = "Kuda-Zata.StreamingAppUITests";
				PRODUCT_NAME = "$(TARGET_NAME)";
				SWIFT_EMIT_LOC_STRINGS = NO;
				SWIFT_VERSION = 5.0;
				TARGETED_DEVICE_FAMILY = "1,2";
				TEST_TARGET_NAME = StreamingApp;
			};
			name = Release;
		};
/* End XCBuildConfiguration section */

/* Begin XCConfigurationList section */
		D1C64DA328658A47005BB26C /* Build configuration list for PBXProject "StreamingApp" */ = {
			isa = XCConfigurationList;
			buildConfigurations = (
				D1C64DD028658A4A005BB26C /* Debug */,
				D1C64DD128658A4A005BB26C /* Release */,
			);
			defaultConfigurationIsVisible = 0;
			defaultConfigurationName = Release;
		};
		D1C64DD228658A4A005BB26C /* Build configuration list for PBXNativeTarget "StreamingApp" */ = {
			isa = XCConfigurationList;
			buildConfigurations = (
				D1C64DD328658A4A005BB26C /* Debug */,
				D1C64DD428658A4A005BB26C /* Release */,
			);
			defaultConfigurationIsVisible = 0;
			defaultConfigurationName = Release;
		};
		D1C64DD528658A4A005BB26C /* Build configuration list for PBXNativeTarget "StreamingAppTests" */ = {
			isa = XCConfigurationList;
			buildConfigurations = (
				D1C64DD628658A4A005BB26C /* Debug */,
				D1C64DD728658A4A005BB26C /* Release */,
			);
			defaultConfigurationIsVisible = 0;
			defaultConfigurationName = Release;
		};
		D1C64DD828658A4A005BB26C /* Build configuration list for PBXNativeTarget "StreamingAppUITests" */ = {
			isa = XCConfigurationList;
			buildConfigurations = (
				D1C64DD928658A4A005BB26C /* Debug */,
				D1C64DDA28658A4A005BB26C /* Release */,
			);
			defaultConfigurationIsVisible = 0;
			defaultConfigurationName = Release;
		};
/* End XCConfigurationList section */
	};
	rootObject = D1C64DA028658A47005BB26C /* Project object */;
}
